
Microsoft Visual Studio Solution File, Format Version 12.00
# Visual Studio Version 17
VisualStudioVersion = 17.4.32916.344
MinimumVisualStudioVersion = 10.0.40219.1
Project("{FAE04EC0-301F-11D3-BF4B-00C04F79EFBC}") = "Prog_124_W23_Lecture_4_Methods", "Prog_124_W23_Lecture_4_Methods.csproj", "{DCD045A6-3C30-4D4F-A83C-42BE52B3B957}"
EndProject
Global
	GlobalSection(SolutionConfigurationPlatforms) = preSolution
		Debug|Any CPU = Debug|Any CPU
		Release|Any CPU = Release|Any CPU
	EndGlobalSection
	GlobalSection(ProjectConfigurationPlatforms) = postSolution
		{DCD045A6-3C30-4D4F-A83C-42BE52B3B957}.Debug|Any CPU.ActiveCfg = Debug|Any CPU
		{DCD045A6-3C30-4D4F-A83C-42BE52B3B957}.Debug|Any CPU.Build.0 = Debug|Any CPU
		{DCD045A6-3C30-4D4F-A83C-42BE52B3B957}.Release|Any CPU.ActiveCfg = Release|Any CPU
		{DCD045A6-3C30-4D4F-A83C-42BE52B3B957}.Release|Any CPU.Build.0 = Release|Any CPU
	EndGlobalSection
	GlobalSection(SolutionProperties) = preSolution
		HideSolutionNode = FALSE
	EndGlobalSection
	GlobalSection(ExtensibilityGlobals) = postSolution
		SolutionGuid = {95ACB679-1F5F-4FB3-ADBA-B479E515F865}
	EndGlobalSection
EndGlobal
